
Microsoft Visual Studio Solution File, Format Version 12.00
# Visual Studio Version 17
VisualStudioVersion = 17.9.34728.123
MinimumVisualStudioVersion = 10.0.40219.1
Project("{FAE04EC0-301F-11D3-BF4B-00C04F79EFBC}") = "ContactList", "ContactList.csproj", "{C1A0485A-00DD-4813-9164-547E288D3C25}"
EndProject
Global
	GlobalSection(SolutionConfigurationPlatforms) = preSolution
		Debug|Any CPU = Debug|Any CPU
		Release|Any CPU = Release|Any CPU
	EndGlobalSection
	GlobalSection(ProjectConfigurationPlatforms) = postSolution
		{C1A0485A-00DD-4813-9164-547E288D3C25}.Debug|Any CPU.ActiveCfg = Debug|Any CPU
		{C1A0485A-00DD-4813-9164-547E288D3C25}.Debug|Any CPU.Build.0 = Debug|Any CPU
		{C1A0485A-00DD-4813-9164-547E288D3C25}.Release|Any CPU.ActiveCfg = Release|Any CPU
		{C1A0485A-00DD-4813-9164-547E288D3C25}.Release|Any CPU.Build.0 = Release|Any CPU
	EndGlobalSection
	GlobalSection(SolutionProperties) = preSolution
		HideSolutionNode = FALSE
	EndGlobalSection
	GlobalSection(ExtensibilityGlobals) = postSolution
		SolutionGuid = {B39D6577-BB69-4E4D-8217-CFC223BA12BC}
	EndGlobalSection
EndGlobal
